
Microsoft Visual Studio Solution File, Format Version 12.00
# Visual Studio Version 17
VisualStudioVersion = 17.8.34330.188
MinimumVisualStudioVersion = 10.0.40219.1
Project("{FAE04EC0-301F-11D3-BF4B-00C04F79EFBC}") = "Zingle.API", "Zingle.API\Zingle.API.csproj", "{59DC5F5C-0168-494F-9CF9-CD6AC9E827C5}"
EndProject
Global
	GlobalSection(SolutionConfigurationPlatforms) = preSolution
		Debug|Any CPU = Debug|Any CPU
		Release|Any CPU = Release|Any CPU
	EndGlobalSection
	GlobalSection(ProjectConfigurationPlatforms) = postSolution
		{59DC5F5C-0168-494F-9CF9-CD6AC9E827C5}.Debug|Any CPU.ActiveCfg = Debug|Any CPU
		{59DC5F5C-0168-494F-9CF9-CD6AC9E827C5}.Debug|Any CPU.Build.0 = Debug|Any CPU
		{59DC5F5C-0168-494F-9CF9-CD6AC9E827C5}.Release|Any CPU.ActiveCfg = Release|Any CPU
		{59DC5F5C-0168-494F-9CF9-CD6AC9E827C5}.Release|Any CPU.Build.0 = Release|Any CPU
	EndGlobalSection
	GlobalSection(SolutionProperties) = preSolution
		HideSolutionNode = FALSE
	EndGlobalSection
	GlobalSection(ExtensibilityGlobals) = postSolution
		SolutionGuid = {8FF5B9D0-7985-4719-81D9-09F952C6F5C8}
	EndGlobalSection
EndGlobal
